
Microsoft Visual Studio Solution File, Format Version 12.00
# Visual Studio Version 17
VisualStudioVersion = 17.11.35303.130
MinimumVisualStudioVersion = 10.0.40219.1
Project("{FAE04EC0-301F-11D3-BF4B-00C04F79EFBC}") = "Tasmiyatul khoiriyah", "Tasmiyatul khoiriyah\Tasmiyatul khoiriyah.csproj", "{31639455-84AB-4F06-B7BA-06C9BB7CC4AD}"
EndProject
Global
	GlobalSection(SolutionConfigurationPlatforms) = preSolution
		Debug|Any CPU = Debug|Any CPU
		Release|Any CPU = Release|Any CPU
	EndGlobalSection
	GlobalSection(ProjectConfigurationPlatforms) = postSolution
		{31639455-84AB-4F06-B7BA-06C9BB7CC4AD}.Debug|Any CPU.ActiveCfg = Debug|Any CPU
		{31639455-84AB-4F06-B7BA-06C9BB7CC4AD}.Debug|Any CPU.Build.0 = Debug|Any CPU
		{31639455-84AB-4F06-B7BA-06C9BB7CC4AD}.Release|Any CPU.ActiveCfg = Release|Any CPU
		{31639455-84AB-4F06-B7BA-06C9BB7CC4AD}.Release|Any CPU.Build.0 = Release|Any CPU
	EndGlobalSection
	GlobalSection(SolutionProperties) = preSolution
		HideSolutionNode = FALSE
	EndGlobalSection
	GlobalSection(ExtensibilityGlobals) = postSolution
		SolutionGuid = {9E7C71FA-3E9B-414D-9148-5065DEE885D0}
	EndGlobalSection
EndGlobal
